
Microsoft Visual Studio Solution File, Format Version 12.00
# Visual Studio Version 17
VisualStudioVersion = 17.7.34031.279
MinimumVisualStudioVersion = 10.0.40219.1
Project("{FAE04EC0-301F-11D3-BF4B-00C04F79EFBC}") = "blogtask25thdecember", "blogtask25thdecember\blogtask25thdecember.csproj", "{87C86E21-1048-4EBF-B0FD-0011C4089710}"
EndProject
Global
	GlobalSection(SolutionConfigurationPlatforms) = preSolution
		Debug|Any CPU = Debug|Any CPU
		Release|Any CPU = Release|Any CPU
	EndGlobalSection
	GlobalSection(ProjectConfigurationPlatforms) = postSolution
		{87C86E21-1048-4EBF-B0FD-0011C4089710}.Debug|Any CPU.ActiveCfg = Debug|Any CPU
		{87C86E21-1048-4EBF-B0FD-0011C4089710}.Debug|Any CPU.Build.0 = Debug|Any CPU
		{87C86E21-1048-4EBF-B0FD-0011C4089710}.Release|Any CPU.ActiveCfg = Release|Any CPU
		{87C86E21-1048-4EBF-B0FD-0011C4089710}.Release|Any CPU.Build.0 = Release|Any CPU
	EndGlobalSection
	GlobalSection(SolutionProperties) = preSolution
		HideSolutionNode = FALSE
	EndGlobalSection
	GlobalSection(ExtensibilityGlobals) = postSolution
		SolutionGuid = {947B6E1B-B622-42D5-8ECC-01584B295116}
	EndGlobalSection
EndGlobal
